
Microsoft Visual Studio Solution File, Format Version 12.00
# Visual Studio Version 16
VisualStudioVersion = 16.0.29728.190
MinimumVisualStudioVersion = 10.0.40219.1
Project("{8BC9CEB8-8B4A-11D0-8D11-00A0C91BC942}") = "Naimytenko S. lab 01", "Naimytenko S. lab 01\Naimytenko S. lab 01.vcxproj", "{B6E2199D-ED87-4FF0-A84F-58238BBE3733}"
EndProject
Project("{8BC9CEB8-8B4A-11D0-8D11-00A0C91BC942}") = "Naimytenko S. lab 02", "Naimytenko S. lab 02\Naimytenko S. lab 02.vcxproj", "{7BCC1F47-8BB8-4CF9-B314-C5E46E9A7E42}"
EndProject
Project("{8BC9CEB8-8B4A-11D0-8D11-00A0C91BC942}") = "Naimytenko S. lab 03", "..\Naimytenko S. lab 03\Naimytenko S. lab 03.vcxproj", "{073EF1F9-4D19-4226-917C-E50518EEEA52}"
EndProject
Project("{8BC9CEB8-8B4A-11D0-8D11-00A0C91BC942}") = "Naimytenko S. lab 04", "Naimytenko S. lab 04\Naimytenko S. lab 04.vcxproj", "{DC04FF0E-1DBD-4E2C-9A5E-DE0DB5EF899F}"
EndProject
Project("{8BC9CEB8-8B4A-11D0-8D11-00A0C91BC942}") = "Naimytenko S. lab 05", "Naimytenko S. lab 05\Naimytenko S. lab 05.vcxproj", "{6616DBB8-2824-48CE-84F9-3E8B514DC33D}"
EndProject
Project("{8BC9CEB8-8B4A-11D0-8D11-00A0C91BC942}") = "Naimytenko S. lab 06", "Naimytenko S. lab 06\Naimytenko S. lab 06.vcxproj", "{F2CC17B7-59C3-4CE7-83DC-3D6EB15C6DB5}"
EndProject
Project("{8BC9CEB8-8B4A-11D0-8D11-00A0C91BC942}") = "Naimytenko S. lab 07", "Naimytenko S. lab 07\Naimytenko S. liab 07.vcxproj", "{3E04E663-0945-494B-83D5-98E4483894B1}"
EndProject
Project("{8BC9CEB8-8B4A-11D0-8D11-00A0C91BC942}") = "Naimytenko S. lab 08", "Naimytenko S. lab 08\Naimytenko S. lab 08.vcxproj", "{18CC37C2-4443-4E20-80D7-7106ECC8833C}"
EndProject
Project("{8BC9CEB8-8B4A-11D0-8D11-00A0C91BC942}") = "Naimytenko S. lab 09", "Naimytenko S. lab 09\Naimytenko S. lab 09.vcxproj", "{8DACDAC8-FAEE-4637-B157-44684022B108}"
EndProject
Project("{8BC9CEB8-8B4A-11D0-8D11-00A0C91BC942}") = "Naimytenko S. lab 11", "Naimytenko S. lab 11\Naimytenko S. lab 11.vcxproj", "{F03181DF-6CF0-49FF-BD34-E27D7DED530C}"
EndProject
Project("{8BC9CEB8-8B4A-11D0-8D11-00A0C91BC942}") = "Naimytenko S. lab 10", "Naimytenko S. lab 10\Naimytenko S. lab 10.vcxproj", "{F53B3CB7-8E05-4BDB-AC16-8C6DFEB47318}"
EndProject
Project("{8BC9CEB8-8B4A-11D0-8D11-00A0C91BC942}") = "Naimytenko S. lab 12", "Naimytenko S. lab 12\Naimytenko S. lab 12.vcxproj", "{C883C885-44F8-4B32-AB9A-DB0BDDF1DDCC}"
EndProject
Project("{8BC9CEB8-8B4A-11D0-8D11-00A0C91BC942}") = "Naimytenko S. lab 13", "Naimytenko S. lab 13\Naimytenko S. lab 13.vcxproj", "{94E04FF3-97E4-4D51-B5B8-8198D627352C}"
EndProject
Global
	GlobalSection(SolutionConfigurationPlatforms) = preSolution
		Debug|x64 = Debug|x64
		Debug|x86 = Debug|x86
		Release|x64 = Release|x64
		Release|x86 = Release|x86
		Test|x64 = Test|x64
		Test|x86 = Test|x86
	EndGlobalSection
	GlobalSection(ProjectConfigurationPlatforms) = postSolution
		{B6E2199D-ED87-4FF0-A84F-58238BBE3733}.Debug|x64.ActiveCfg = Debug|x64
		{B6E2199D-ED87-4FF0-A84F-58238BBE3733}.Debug|x64.Build.0 = Debug|x64
		{B6E2199D-ED87-4FF0-A84F-58238BBE3733}.Debug|x86.ActiveCfg = Debug|Win32
		{B6E2199D-ED87-4FF0-A84F-58238BBE3733}.Debug|x86.Build.0 = Debug|Win32
		{B6E2199D-ED87-4FF0-A84F-58238BBE3733}.Release|x64.ActiveCfg = Release|x64
		{B6E2199D-ED87-4FF0-A84F-58238BBE3733}.Release|x64.Build.0 = Release|x64
		{B6E2199D-ED87-4FF0-A84F-58238BBE3733}.Release|x86.ActiveCfg = Release|Win32
		{B6E2199D-ED87-4FF0-A84F-58238BBE3733}.Release|x86.Build.0 = Release|Win32
		{B6E2199D-ED87-4FF0-A84F-58238BBE3733}.Test|x64.ActiveCfg = Test|x64
		{B6E2199D-ED87-4FF0-A84F-58238BBE3733}.Test|x64.Build.0 = Test|x64
		{B6E2199D-ED87-4FF0-A84F-58238BBE3733}.Test|x86.ActiveCfg = Test|Win32
		{B6E2199D-ED87-4FF0-A84F-58238BBE3733}.Test|x86.Build.0 = Test|Win32
		{7BCC1F47-8BB8-4CF9-B314-C5E46E9A7E42}.Debug|x64.ActiveCfg = Debug|x64
		{7BCC1F47-8BB8-4CF9-B314-C5E46E9A7E42}.Debug|x64.Build.0 = Debug|x64
		{7BCC1F47-8BB8-4CF9-B314-C5E46E9A7E42}.Debug|x86.ActiveCfg = Debug|Win32
		{7BCC1F47-8BB8-4CF9-B314-C5E46E9A7E42}.Debug|x86.Build.0 = Debug|Win32
		{7BCC1F47-8BB8-4CF9-B314-C5E46E9A7E42}.Release|x64.ActiveCfg = Release|x64
		{7BCC1F47-8BB8-4CF9-B314-C5E46E9A7E42}.Release|x64.Build.0 = Release|x64
		{7BCC1F47-8BB8-4CF9-B314-C5E46E9A7E42}.Release|x86.ActiveCfg = Release|Win32
		{7BCC1F47-8BB8-4CF9-B314-C5E46E9A7E42}.Release|x86.Build.0 = Release|Win32
		{7BCC1F47-8BB8-4CF9-B314-C5E46E9A7E42}.Test|x64.ActiveCfg = Release|x64
		{7BCC1F47-8BB8-4CF9-B314-C5E46E9A7E42}.Test|x64.Build.0 = Release|x64
		{7BCC1F47-8BB8-4CF9-B314-C5E46E9A7E42}.Test|x86.ActiveCfg = Release|Win32
		{7BCC1F47-8BB8-4CF9-B314-C5E46E9A7E42}.Test|x86.Build.0 = Release|Win32
		{073EF1F9-4D19-4226-917C-E50518EEEA52}.Debug|x64.ActiveCfg = Debug|x64
		{073EF1F9-4D19-4226-917C-E50518EEEA52}.Debug|x64.Build.0 = Debug|x64
		{073EF1F9-4D19-4226-917C-E50518EEEA52}.Debug|x86.ActiveCfg = Debug|Win32
		{073EF1F9-4D19-4226-917C-E50518EEEA52}.Debug|x86.Build.0 = Debug|Win32
		{073EF1F9-4D19-4226-917C-E50518EEEA52}.Release|x64.ActiveCfg = Release|x64
		{073EF1F9-4D19-4226-917C-E50518EEEA52}.Release|x64.Build.0 = Release|x64
		{073EF1F9-4D19-4226-917C-E50518EEEA52}.Release|x86.ActiveCfg = Release|Win32
		{073EF1F9-4D19-4226-917C-E50518EEEA52}.Release|x86.Build.0 = Release|Win32
		{073EF1F9-4D19-4226-917C-E50518EEEA52}.Test|x64.ActiveCfg = Release|x64
		{073EF1F9-4D19-4226-917C-E50518EEEA52}.Test|x64.Build.0 = Release|x64
		{073EF1F9-4D19-4226-917C-E50518EEEA52}.Test|x86.ActiveCfg = Release|Win32
		{073EF1F9-4D19-4226-917C-E50518EEEA52}.Test|x86.Build.0 = Release|Win32
		{DC04FF0E-1DBD-4E2C-9A5E-DE0DB5EF899F}.Debug|x64.ActiveCfg = Debug|x64
		{DC04FF0E-1DBD-4E2C-9A5E-DE0DB5EF899F}.Debug|x64.Build.0 = Debug|x64
		{DC04FF0E-1DBD-4E2C-9A5E-DE0DB5EF899F}.Debug|x86.ActiveCfg = Debug|Win32
		{DC04FF0E-1DBD-4E2C-9A5E-DE0DB5EF899F}.Debug|x86.Build.0 = Debug|Win32
		{DC04FF0E-1DBD-4E2C-9A5E-DE0DB5EF899F}.Release|x64.ActiveCfg = Release|x64
		{DC04FF0E-1DBD-4E2C-9A5E-DE0DB5EF899F}.Release|x64.Build.0 = Release|x64
		{DC04FF0E-1DBD-4E2C-9A5E-DE0DB5EF899F}.Release|x86.ActiveCfg = Release|Win32
		{DC04FF0E-1DBD-4E2C-9A5E-DE0DB5EF899F}.Release|x86.Build.0 = Release|Win32
		{DC04FF0E-1DBD-4E2C-9A5E-DE0DB5EF899F}.Test|x64.ActiveCfg = Release|x64
		{DC04FF0E-1DBD-4E2C-9A5E-DE0DB5EF899F}.Test|x64.Build.0 = Release|x64
		{DC04FF0E-1DBD-4E2C-9A5E-DE0DB5EF899F}.Test|x86.ActiveCfg = Release|Win32
		{DC04FF0E-1DBD-4E2C-9A5E-DE0DB5EF899F}.Test|x86.Build.0 = Release|Win32
		{6616DBB8-2824-48CE-84F9-3E8B514DC33D}.Debug|x64.ActiveCfg = Debug|x64
		{6616DBB8-2824-48CE-84F9-3E8B514DC33D}.Debug|x64.Build.0 = Debug|x64
		{6616DBB8-2824-48CE-84F9-3E8B514DC33D}.Debug|x86.ActiveCfg = Debug|Win32
		{6616DBB8-2824-48CE-84F9-3E8B514DC33D}.Debug|x86.Build.0 = Debug|Win32
		{6616DBB8-2824-48CE-84F9-3E8B514DC33D}.Release|x64.ActiveCfg = Release|x64
		{6616DBB8-2824-48CE-84F9-3E8B514DC33D}.Release|x64.Build.0 = Release|x64
		{6616DBB8-2824-48CE-84F9-3E8B514DC33D}.Release|x86.ActiveCfg = Release|Win32
		{6616DBB8-2824-48CE-84F9-3E8B514DC33D}.Release|x86.Build.0 = Release|Win32
		{6616DBB8-2824-48CE-84F9-3E8B514DC33D}.Test|x64.ActiveCfg = Release|x64
		{6616DBB8-2824-48CE-84F9-3E8B514DC33D}.Test|x64.Build.0 = Release|x64
		{6616DBB8-2824-48CE-84F9-3E8B514DC33D}.Test|x86.ActiveCfg = Release|Win32
		{6616DBB8-2824-48CE-84F9-3E8B514DC33D}.Test|x86.Build.0 = Release|Win32
		{F2CC17B7-59C3-4CE7-83DC-3D6EB15C6DB5}.Debug|x64.ActiveCfg = Debug|x64
		{F2CC17B7-59C3-4CE7-83DC-3D6EB15C6DB5}.Debug|x64.Build.0 = Debug|x64
		{F2CC17B7-59C3-4CE7-83DC-3D6EB15C6DB5}.Debug|x86.ActiveCfg = Debug|Win32
		{F2CC17B7-59C3-4CE7-83DC-3D6EB15C6DB5}.Debug|x86.Build.0 = Debug|Win32
		{F2CC17B7-59C3-4CE7-83DC-3D6EB15C6DB5}.Release|x64.ActiveCfg = Release|x64
		{F2CC17B7-59C3-4CE7-83DC-3D6EB15C6DB5}.Release|x64.Build.0 = Release|x64
		{F2CC17B7-59C3-4CE7-83DC-3D6EB15C6DB5}.Release|x86.ActiveCfg = Release|Win32
		{F2CC17B7-59C3-4CE7-83DC-3D6EB15C6DB5}.Release|x86.Build.0 = Release|Win32
		{F2CC17B7-59C3-4CE7-83DC-3D6EB15C6DB5}.Test|x64.ActiveCfg = Release|x64
		{F2CC17B7-59C3-4CE7-83DC-3D6EB15C6DB5}.Test|x64.Build.0 = Release|x64
		{F2CC17B7-59C3-4CE7-83DC-3D6EB15C6DB5}.Test|x86.ActiveCfg = Release|Win32
		{F2CC17B7-59C3-4CE7-83DC-3D6EB15C6DB5}.Test|x86.Build.0 = Release|Win32
		{3E04E663-0945-494B-83D5-98E4483894B1}.Debug|x64.ActiveCfg = Debug|x64
		{3E04E663-0945-494B-83D5-98E4483894B1}.Debug|x64.Build.0 = Debug|x64
		{3E04E663-0945-494B-83D5-98E4483894B1}.Debug|x86.ActiveCfg = Debug|Win32
		{3E04E663-0945-494B-83D5-98E4483894B1}.Debug|x86.Build.0 = Debug|Win32
		{3E04E663-0945-494B-83D5-98E4483894B1}.Release|x64.ActiveCfg = Release|x64
		{3E04E663-0945-494B-83D5-98E4483894B1}.Release|x64.Build.0 = Release|x64
		{3E04E663-0945-494B-83D5-98E4483894B1}.Release|x86.ActiveCfg = Release|Win32
		{3E04E663-0945-494B-83D5-98E4483894B1}.Release|x86.Build.0 = Release|Win32
		{3E04E663-0945-494B-83D5-98E4483894B1}.Test|x64.ActiveCfg = Release|x64
		{3E04E663-0945-494B-83D5-98E4483894B1}.Test|x64.Build.0 = Release|x64
		{3E04E663-0945-494B-83D5-98E4483894B1}.Test|x86.ActiveCfg = Release|Win32
		{3E04E663-0945-494B-83D5-98E4483894B1}.Test|x86.Build.0 = Release|Win32
		{18CC37C2-4443-4E20-80D7-7106ECC8833C}.Debug|x64.ActiveCfg = Debug|x64
		{18CC37C2-4443-4E20-80D7-7106ECC8833C}.Debug|x64.Build.0 = Debug|x64
		{18CC37C2-4443-4E20-80D7-7106ECC8833C}.Debug|x86.ActiveCfg = Debug|Win32
		{18CC37C2-4443-4E20-80D7-7106ECC8833C}.Debug|x86.Build.0 = Debug|Win32
		{18CC37C2-4443-4E20-80D7-7106ECC8833C}.Release|x64.ActiveCfg = Release|x64
		{18CC37C2-4443-4E20-80D7-7106ECC8833C}.Release|x64.Build.0 = Release|x64
		{18CC37C2-4443-4E20-80D7-7106ECC8833C}.Release|x86.ActiveCfg = Release|Win32
		{18CC37C2-4443-4E20-80D7-7106ECC8833C}.Release|x86.Build.0 = Release|Win32
		{18CC37C2-4443-4E20-80D7-7106ECC8833C}.Test|x64.ActiveCfg = Release|x64
		{18CC37C2-4443-4E20-80D7-7106ECC8833C}.Test|x64.Build.0 = Release|x64
		{18CC37C2-4443-4E20-80D7-7106ECC8833C}.Test|x86.ActiveCfg = Release|Win32
		{18CC37C2-4443-4E20-80D7-7106ECC8833C}.Test|x86.Build.0 = Release|Win32
		{8DACDAC8-FAEE-4637-B157-44684022B108}.Debug|x64.ActiveCfg = Debug|x64
		{8DACDAC8-FAEE-4637-B157-44684022B108}.Debug|x64.Build.0 = Debug|x64
		{8DACDAC8-FAEE-4637-B157-44684022B108}.Debug|x86.ActiveCfg = Debug|Win32
		{8DACDAC8-FAEE-4637-B157-44684022B108}.Debug|x86.Build.0 = Debug|Win32
		{8DACDAC8-FAEE-4637-B157-44684022B108}.Release|x64.ActiveCfg = Release|x64
		{8DACDAC8-FAEE-4637-B157-44684022B108}.Release|x64.Build.0 = Release|x64
		{8DACDAC8-FAEE-4637-B157-44684022B108}.Release|x86.ActiveCfg = Release|Win32
		{8DACDAC8-FAEE-4637-B157-44684022B108}.Release|x86.Build.0 = Release|Win32
		{8DACDAC8-FAEE-4637-B157-44684022B108}.Test|x64.ActiveCfg = Release|x64
		{8DACDAC8-FAEE-4637-B157-44684022B108}.Test|x64.Build.0 = Release|x64
		{8DACDAC8-FAEE-4637-B157-44684022B108}.Test|x86.ActiveCfg = Release|Win32
		{8DACDAC8-FAEE-4637-B157-44684022B108}.Test|x86.Build.0 = Release|Win32
		{F03181DF-6CF0-49FF-BD34-E27D7DED530C}.Debug|x64.ActiveCfg = Debug|x64
		{F03181DF-6CF0-49FF-BD34-E27D7DED530C}.Debug|x64.Build.0 = Debug|x64
		{F03181DF-6CF0-49FF-BD34-E27D7DED530C}.Debug|x86.ActiveCfg = Debug|Win32
		{F03181DF-6CF0-49FF-BD34-E27D7DED530C}.Debug|x86.Build.0 = Debug|Win32
		{F03181DF-6CF0-49FF-BD34-E27D7DED530C}.Release|x64.ActiveCfg = Release|x64
		{F03181DF-6CF0-49FF-BD34-E27D7DED530C}.Release|x64.Build.0 = Release|x64
		{F03181DF-6CF0-49FF-BD34-E27D7DED530C}.Release|x86.ActiveCfg = Release|Win32
		{F03181DF-6CF0-49FF-BD34-E27D7DED530C}.Release|x86.Build.0 = Release|Win32
		{F03181DF-6CF0-49FF-BD34-E27D7DED530C}.Test|x64.ActiveCfg = Release|x64
		{F03181DF-6CF0-49FF-BD34-E27D7DED530C}.Test|x64.Build.0 = Release|x64
		{F03181DF-6CF0-49FF-BD34-E27D7DED530C}.Test|x86.ActiveCfg = Release|Win32
		{F03181DF-6CF0-49FF-BD34-E27D7DED530C}.Test|x86.Build.0 = Release|Win32
		{F53B3CB7-8E05-4BDB-AC16-8C6DFEB47318}.Debug|x64.ActiveCfg = Debug|x64
		{F53B3CB7-8E05-4BDB-AC16-8C6DFEB47318}.Debug|x64.Build.0 = Debug|x64
		{F53B3CB7-8E05-4BDB-AC16-8C6DFEB47318}.Debug|x86.ActiveCfg = Debug|Win32
		{F53B3CB7-8E05-4BDB-AC16-8C6DFEB47318}.Debug|x86.Build.0 = Debug|Win32
		{F53B3CB7-8E05-4BDB-AC16-8C6DFEB47318}.Release|x64.ActiveCfg = Release|x64
		{F53B3CB7-8E05-4BDB-AC16-8C6DFEB47318}.Release|x64.Build.0 = Release|x64
		{F53B3CB7-8E05-4BDB-AC16-8C6DFEB47318}.Release|x86.ActiveCfg = Release|Win32
		{F53B3CB7-8E05-4BDB-AC16-8C6DFEB47318}.Release|x86.Build.0 = Release|Win32
		{F53B3CB7-8E05-4BDB-AC16-8C6DFEB47318}.Test|x64.ActiveCfg = Release|x64
		{F53B3CB7-8E05-4BDB-AC16-8C6DFEB47318}.Test|x64.Build.0 = Release|x64
		{F53B3CB7-8E05-4BDB-AC16-8C6DFEB47318}.Test|x86.ActiveCfg = Release|Win32
		{F53B3CB7-8E05-4BDB-AC16-8C6DFEB47318}.Test|x86.Build.0 = Release|Win32
		{C883C885-44F8-4B32-AB9A-DB0BDDF1DDCC}.Debug|x64.ActiveCfg = Debug|x64
		{C883C885-44F8-4B32-AB9A-DB0BDDF1DDCC}.Debug|x64.Build.0 = Debug|x64
		{C883C885-44F8-4B32-AB9A-DB0BDDF1DDCC}.Debug|x86.ActiveCfg = Debug|Win32
		{C883C885-44F8-4B32-AB9A-DB0BDDF1DDCC}.Debug|x86.Build.0 = Debug|Win32
		{C883C885-44F8-4B32-AB9A-DB0BDDF1DDCC}.Release|x64.ActiveCfg = Release|x64
		{C883C885-44F8-4B32-AB9A-DB0BDDF1DDCC}.Release|x64.Build.0 = Release|x64
		{C883C885-44F8-4B32-AB9A-DB0BDDF1DDCC}.Release|x86.ActiveCfg = Release|Win32
		{C883C885-44F8-4B32-AB9A-DB0BDDF1DDCC}.Release|x86.Build.0 = Release|Win32
		{C883C885-44F8-4B32-AB9A-DB0BDDF1DDCC}.Test|x64.ActiveCfg = Release|x64
		{C883C885-44F8-4B32-AB9A-DB0BDDF1DDCC}.Test|x64.Build.0 = Release|x64
		{C883C885-44F8-4B32-AB9A-DB0BDDF1DDCC}.Test|x86.ActiveCfg = Release|Win32
		{C883C885-44F8-4B32-AB9A-DB0BDDF1DDCC}.Test|x86.Build.0 = Release|Win32
		{94E04FF3-97E4-4D51-B5B8-8198D627352C}.Debug|x64.ActiveCfg = Debug|x64
		{94E04FF3-97E4-4D51-B5B8-8198D627352C}.Debug|x64.Build.0 = Debug|x64
		{94E04FF3-97E4-4D51-B5B8-8198D627352C}.Debug|x86.ActiveCfg = Debug|Win32
		{94E04FF3-97E4-4D51-B5B8-8198D627352C}.Debug|x86.Build.0 = Debug|Win32
		{94E04FF3-97E4-4D51-B5B8-8198D627352C}.Release|x64.ActiveCfg = Release|x64
		{94E04FF3-97E4-4D51-B5B8-8198D627352C}.Release|x64.Build.0 = Release|x64
		{94E04FF3-97E4-4D51-B5B8-8198D627352C}.Release|x86.ActiveCfg = Release|Win32
		{94E04FF3-97E4-4D51-B5B8-8198D627352C}.Release|x86.Build.0 = Release|Win32
		{94E04FF3-97E4-4D51-B5B8-8198D627352C}.Test|x64.ActiveCfg = Release|x64
		{94E04FF3-97E4-4D51-B5B8-8198D627352C}.Test|x64.Build.0 = Release|x64
		{94E04FF3-97E4-4D51-B5B8-8198D627352C}.Test|x86.ActiveCfg = Release|Win32
		{94E04FF3-97E4-4D51-B5B8-8198D627352C}.Test|x86.Build.0 = Release|Win32
	EndGlobalSection
	GlobalSection(SolutionProperties) = preSolution
		HideSolutionNode = FALSE
	EndGlobalSection
	GlobalSection(ExtensibilityGlobals) = postSolution
		SolutionGuid = {7C388067-BCA6-484D-9783-38BDBFA65034}
	EndGlobalSection
EndGlobal
